
Microsoft Visual Studio Solution File, Format Version 12.00
Project("{FAE04EC0-301F-11D3-BF4B-00C04F79EFBC}") = "LandmarkRemark", "LandmarkRemark.csproj", "{DE0B6950-F50C-431D-8F4A-41E4F963E331}"
EndProject
Project("{FAE04EC0-301F-11D3-BF4B-00C04F79EFBC}") = "LandmarkRemark.Test", "LandmarkRemark.Test\LandmarkRemark.Test.csproj", "{81856172-9C19-4971-BBFD-6E49428AA5A4}"
EndProject
Global
	GlobalSection(SolutionConfigurationPlatforms) = preSolution
		Debug|Any CPU = Debug|Any CPU
		Release|Any CPU = Release|Any CPU
	EndGlobalSection
	GlobalSection(ProjectConfigurationPlatforms) = postSolution
		{DE0B6950-F50C-431D-8F4A-41E4F963E331}.Debug|Any CPU.ActiveCfg = Debug|Any CPU
		{DE0B6950-F50C-431D-8F4A-41E4F963E331}.Debug|Any CPU.Build.0 = Debug|Any CPU
		{DE0B6950-F50C-431D-8F4A-41E4F963E331}.Release|Any CPU.ActiveCfg = Release|Any CPU
		{DE0B6950-F50C-431D-8F4A-41E4F963E331}.Release|Any CPU.Build.0 = Release|Any CPU
		{81856172-9C19-4971-BBFD-6E49428AA5A4}.Debug|Any CPU.ActiveCfg = Debug|Any CPU
		{81856172-9C19-4971-BBFD-6E49428AA5A4}.Debug|Any CPU.Build.0 = Debug|Any CPU
		{81856172-9C19-4971-BBFD-6E49428AA5A4}.Release|Any CPU.ActiveCfg = Release|Any CPU
		{81856172-9C19-4971-BBFD-6E49428AA5A4}.Release|Any CPU.Build.0 = Release|Any CPU
	EndGlobalSection
EndGlobal
